
Microsoft Visual Studio Solution File, Format Version 12.00
# Visual Studio 15
VisualStudioVersion = 15.0.28010.2026
MinimumVisualStudioVersion = 10.0.40219.1
Project("{8BC9CEB8-8B4A-11D0-8D11-00A0C91BC942}") = "Snake Game", "Snake Game\Snake Game.vcxproj", "{B3B795E8-959F-410C-9E29-587969EFF4AD}"
EndProject
Global
	GlobalSection(SolutionConfigurationPlatforms) = preSolution
		Debug|x64 = Debug|x64
		Debug|x86 = Debug|x86
		Release|x64 = Release|x64
		Release|x86 = Release|x86
	EndGlobalSection
	GlobalSection(ProjectConfigurationPlatforms) = postSolution
		{B3B795E8-959F-410C-9E29-587969EFF4AD}.Debug|x64.ActiveCfg = Debug|x64
		{B3B795E8-959F-410C-9E29-587969EFF4AD}.Debug|x64.Build.0 = Debug|x64
		{B3B795E8-959F-410C-9E29-587969EFF4AD}.Debug|x86.ActiveCfg = Debug|Win32
		{B3B795E8-959F-410C-9E29-587969EFF4AD}.Debug|x86.Build.0 = Debug|Win32
		{B3B795E8-959F-410C-9E29-587969EFF4AD}.Release|x64.ActiveCfg = Release|x64
		{B3B795E8-959F-410C-9E29-587969EFF4AD}.Release|x64.Build.0 = Release|x64
		{B3B795E8-959F-410C-9E29-587969EFF4AD}.Release|x86.ActiveCfg = Release|Win32
		{B3B795E8-959F-410C-9E29-587969EFF4AD}.Release|x86.Build.0 = Release|Win32
	EndGlobalSection
	GlobalSection(SolutionProperties) = preSolution
		HideSolutionNode = FALSE
	EndGlobalSection
	GlobalSection(ExtensibilityGlobals) = postSolution
		SolutionGuid = {E9A28DC5-FCAA-48BC-B9F4-ED9151A20F4C}
	EndGlobalSection
EndGlobal
